
Microsoft Visual Studio Solution File, Format Version 12.00
# Visual Studio 14
VisualStudioVersion = 14.0.25420.1
MinimumVisualStudioVersion = 10.0.40219.1
Project("{FAE04EC0-301F-11D3-BF4B-00C04F79EFBC}") = "DemoShared.Droid", "DemoShared\DemoShared.Droid\DemoShared.Droid.csproj", "{A9E02D80-7266-446B-BDCB-DD4AC57D1B7B}"
EndProject
Project("{FAE04EC0-301F-11D3-BF4B-00C04F79EFBC}") = "DemoShared.WinPhone", "DemoShared\DemoShared.WinPhone\DemoShared.WinPhone.csproj", "{9A9D585E-4D67-4808-95DD-6AD75E24ADEC}"
EndProject
Project("{D954291E-2A0B-460D-934E-DC6B0785DB48}") = "DemoShared", "DemoShared\DemoShared\DemoShared.shproj", "{F37850FF-FDC3-46B5-96AF-4016AF491752}"
EndProject
Global
	GlobalSection(SharedMSBuildProjectFiles) = preSolution
		DemoShared\DemoShared\DemoShared.projitems*{9a9d585e-4d67-4808-95dd-6ad75e24adec}*SharedItemsImports = 4
		DemoShared\DemoShared\DemoShared.projitems*{a9e02d80-7266-446b-bdcb-dd4ac57d1b7b}*SharedItemsImports = 4
		DemoShared\DemoShared\DemoShared.projitems*{f37850ff-fdc3-46b5-96af-4016af491752}*SharedItemsImports = 13
	EndGlobalSection
	GlobalSection(SolutionConfigurationPlatforms) = preSolution
		Debug|Any CPU = Debug|Any CPU
		Debug|ARM = Debug|ARM
		Debug|iPhone = Debug|iPhone
		Debug|iPhoneSimulator = Debug|iPhoneSimulator
		Debug|x86 = Debug|x86
		Release|Any CPU = Release|Any CPU
		Release|ARM = Release|ARM
		Release|iPhone = Release|iPhone
		Release|iPhoneSimulator = Release|iPhoneSimulator
		Release|x86 = Release|x86
	EndGlobalSection
	GlobalSection(ProjectConfigurationPlatforms) = postSolution
		{A9E02D80-7266-446B-BDCB-DD4AC57D1B7B}.Debug|Any CPU.ActiveCfg = Debug|Any CPU
		{A9E02D80-7266-446B-BDCB-DD4AC57D1B7B}.Debug|Any CPU.Build.0 = Debug|Any CPU
		{A9E02D80-7266-446B-BDCB-DD4AC57D1B7B}.Debug|Any CPU.Deploy.0 = Debug|Any CPU
		{A9E02D80-7266-446B-BDCB-DD4AC57D1B7B}.Debug|ARM.ActiveCfg = Debug|Any CPU
		{A9E02D80-7266-446B-BDCB-DD4AC57D1B7B}.Debug|ARM.Build.0 = Debug|Any CPU
		{A9E02D80-7266-446B-BDCB-DD4AC57D1B7B}.Debug|ARM.Deploy.0 = Debug|Any CPU
		{A9E02D80-7266-446B-BDCB-DD4AC57D1B7B}.Debug|iPhone.ActiveCfg = Debug|Any CPU
		{A9E02D80-7266-446B-BDCB-DD4AC57D1B7B}.Debug|iPhone.Build.0 = Debug|Any CPU
		{A9E02D80-7266-446B-BDCB-DD4AC57D1B7B}.Debug|iPhone.Deploy.0 = Debug|Any CPU
		{A9E02D80-7266-446B-BDCB-DD4AC57D1B7B}.Debug|iPhoneSimulator.ActiveCfg = Debug|Any CPU
		{A9E02D80-7266-446B-BDCB-DD4AC57D1B7B}.Debug|iPhoneSimulator.Build.0 = Debug|Any CPU
		{A9E02D80-7266-446B-BDCB-DD4AC57D1B7B}.Debug|iPhoneSimulator.Deploy.0 = Debug|Any CPU
		{A9E02D80-7266-446B-BDCB-DD4AC57D1B7B}.Debug|x86.ActiveCfg = Debug|Any CPU
		{A9E02D80-7266-446B-BDCB-DD4AC57D1B7B}.Debug|x86.Build.0 = Debug|Any CPU
		{A9E02D80-7266-446B-BDCB-DD4AC57D1B7B}.Debug|x86.Deploy.0 = Debug|Any CPU
		{A9E02D80-7266-446B-BDCB-DD4AC57D1B7B}.Release|Any CPU.ActiveCfg = Release|Any CPU
		{A9E02D80-7266-446B-BDCB-DD4AC57D1B7B}.Release|Any CPU.Build.0 = Release|Any CPU
		{A9E02D80-7266-446B-BDCB-DD4AC57D1B7B}.Release|Any CPU.Deploy.0 = Release|Any CPU
		{A9E02D80-7266-446B-BDCB-DD4AC57D1B7B}.Release|ARM.ActiveCfg = Release|Any CPU
		{A9E02D80-7266-446B-BDCB-DD4AC57D1B7B}.Release|ARM.Build.0 = Release|Any CPU
		{A9E02D80-7266-446B-BDCB-DD4AC57D1B7B}.Release|ARM.Deploy.0 = Release|Any CPU
		{A9E02D80-7266-446B-BDCB-DD4AC57D1B7B}.Release|iPhone.ActiveCfg = Release|Any CPU
		{A9E02D80-7266-446B-BDCB-DD4AC57D1B7B}.Release|iPhone.Build.0 = Release|Any CPU
		{A9E02D80-7266-446B-BDCB-DD4AC57D1B7B}.Release|iPhone.Deploy.0 = Release|Any CPU
		{A9E02D80-7266-446B-BDCB-DD4AC57D1B7B}.Release|iPhoneSimulator.ActiveCfg = Release|Any CPU
		{A9E02D80-7266-446B-BDCB-DD4AC57D1B7B}.Release|iPhoneSimulator.Build.0 = Release|Any CPU
		{A9E02D80-7266-446B-BDCB-DD4AC57D1B7B}.Release|iPhoneSimulator.Deploy.0 = Release|Any CPU
		{A9E02D80-7266-446B-BDCB-DD4AC57D1B7B}.Release|x86.ActiveCfg = Release|Any CPU
		{A9E02D80-7266-446B-BDCB-DD4AC57D1B7B}.Release|x86.Build.0 = Release|Any CPU
		{A9E02D80-7266-446B-BDCB-DD4AC57D1B7B}.Release|x86.Deploy.0 = Release|Any CPU
		{9A9D585E-4D67-4808-95DD-6AD75E24ADEC}.Debug|Any CPU.ActiveCfg = Debug|Any CPU
		{9A9D585E-4D67-4808-95DD-6AD75E24ADEC}.Debug|Any CPU.Build.0 = Debug|Any CPU
		{9A9D585E-4D67-4808-95DD-6AD75E24ADEC}.Debug|Any CPU.Deploy.0 = Debug|Any CPU
		{9A9D585E-4D67-4808-95DD-6AD75E24ADEC}.Debug|ARM.ActiveCfg = Debug|ARM
		{9A9D585E-4D67-4808-95DD-6AD75E24ADEC}.Debug|ARM.Build.0 = Debug|ARM
		{9A9D585E-4D67-4808-95DD-6AD75E24ADEC}.Debug|ARM.Deploy.0 = Debug|ARM
		{9A9D585E-4D67-4808-95DD-6AD75E24ADEC}.Debug|iPhone.ActiveCfg = Debug|Any CPU
		{9A9D585E-4D67-4808-95DD-6AD75E24ADEC}.Debug|iPhone.Build.0 = Debug|Any CPU
		{9A9D585E-4D67-4808-95DD-6AD75E24ADEC}.Debug|iPhone.Deploy.0 = Debug|Any CPU
		{9A9D585E-4D67-4808-95DD-6AD75E24ADEC}.Debug|iPhoneSimulator.ActiveCfg = Debug|Any CPU
		{9A9D585E-4D67-4808-95DD-6AD75E24ADEC}.Debug|iPhoneSimulator.Build.0 = Debug|Any CPU
		{9A9D585E-4D67-4808-95DD-6AD75E24ADEC}.Debug|iPhoneSimulator.Deploy.0 = Debug|Any CPU
		{9A9D585E-4D67-4808-95DD-6AD75E24ADEC}.Debug|x86.ActiveCfg = Debug|x86
		{9A9D585E-4D67-4808-95DD-6AD75E24ADEC}.Debug|x86.Build.0 = Debug|x86
		{9A9D585E-4D67-4808-95DD-6AD75E24ADEC}.Debug|x86.Deploy.0 = Debug|x86
		{9A9D585E-4D67-4808-95DD-6AD75E24ADEC}.Release|Any CPU.ActiveCfg = Release|Any CPU
		{9A9D585E-4D67-4808-95DD-6AD75E24ADEC}.Release|Any CPU.Build.0 = Release|Any CPU
		{9A9D585E-4D67-4808-95DD-6AD75E24ADEC}.Release|Any CPU.Deploy.0 = Release|Any CPU
		{9A9D585E-4D67-4808-95DD-6AD75E24ADEC}.Release|ARM.ActiveCfg = Release|ARM
		{9A9D585E-4D67-4808-95DD-6AD75E24ADEC}.Release|ARM.Build.0 = Release|ARM
		{9A9D585E-4D67-4808-95DD-6AD75E24ADEC}.Release|ARM.Deploy.0 = Release|ARM
		{9A9D585E-4D67-4808-95DD-6AD75E24ADEC}.Release|iPhone.ActiveCfg = Release|Any CPU
		{9A9D585E-4D67-4808-95DD-6AD75E24ADEC}.Release|iPhone.Build.0 = Release|Any CPU
		{9A9D585E-4D67-4808-95DD-6AD75E24ADEC}.Release|iPhone.Deploy.0 = Release|Any CPU
		{9A9D585E-4D67-4808-95DD-6AD75E24ADEC}.Release|iPhoneSimulator.ActiveCfg = Release|Any CPU
		{9A9D585E-4D67-4808-95DD-6AD75E24ADEC}.Release|iPhoneSimulator.Build.0 = Release|Any CPU
		{9A9D585E-4D67-4808-95DD-6AD75E24ADEC}.Release|iPhoneSimulator.Deploy.0 = Release|Any CPU
		{9A9D585E-4D67-4808-95DD-6AD75E24ADEC}.Release|x86.ActiveCfg = Release|x86
		{9A9D585E-4D67-4808-95DD-6AD75E24ADEC}.Release|x86.Build.0 = Release|x86
		{9A9D585E-4D67-4808-95DD-6AD75E24ADEC}.Release|x86.Deploy.0 = Release|x86
	EndGlobalSection
	GlobalSection(SolutionProperties) = preSolution
		HideSolutionNode = FALSE
	EndGlobalSection
EndGlobal
