
Microsoft Visual Studio Solution File, Format Version 12.00
# Visual Studio 14
VisualStudioVersion = 14.0.25420.1
MinimumVisualStudioVersion = 10.0.40219.1
Project("{D954291E-2A0B-460D-934E-DC6B0785DB48}") = "HelloXamarinFormsShared", "HelloXamarinFormsShared\HelloXamarinFormsShared\HelloXamarinFormsShared.shproj", "{1A80DB5B-0B59-44AD-839F-752ED139B5E2}"
EndProject
Project("{FAE04EC0-301F-11D3-BF4B-00C04F79EFBC}") = "HelloXamarinFormsShared.Droid", "HelloXamarinFormsShared\HelloXamarinFormsShared.Droid\HelloXamarinFormsShared.Droid.csproj", "{DD1861E4-A57B-4258-9DC5-5E6A57D9659F}"
EndProject
Project("{FAE04EC0-301F-11D3-BF4B-00C04F79EFBC}") = "HelloXamarinFormsShared.WinPhone", "HelloXamarinFormsShared\HelloXamarinFormsShared.WinPhone\HelloXamarinFormsShared.WinPhone.csproj", "{E29E68B3-0CCD-4EAC-B4EC-4896BA883897}"
EndProject
Project("{FAE04EC0-301F-11D3-BF4B-00C04F79EFBC}") = "HelloXamarinFormsShared.UWP", "HelloXamarinFormsShared\HelloXamarinFormsShared.UWP\HelloXamarinFormsShared.UWP.csproj", "{ED2171F3-EF41-4026-A351-776FA035A667}"
EndProject
Project("{FAE04EC0-301F-11D3-BF4B-00C04F79EFBC}") = "HelloXamarinFormsShared.Windows", "HelloXamarinFormsShared\HelloXamarinFormsShared.Windows\HelloXamarinFormsShared.Windows.csproj", "{23401BF7-CD07-4532-B3C4-2CA27A4598E9}"
EndProject
Global
	GlobalSection(SharedMSBuildProjectFiles) = preSolution
		HelloXamarinFormsShared\HelloXamarinFormsShared\HelloXamarinFormsShared.projitems*{1a80db5b-0b59-44ad-839f-752ed139b5e2}*SharedItemsImports = 13
		HelloXamarinFormsShared\HelloXamarinFormsShared\HelloXamarinFormsShared.projitems*{dd1861e4-a57b-4258-9dc5-5e6a57d9659f}*SharedItemsImports = 4
	EndGlobalSection
	GlobalSection(SolutionConfigurationPlatforms) = preSolution
		Ad-Hoc|Any CPU = Ad-Hoc|Any CPU
		Ad-Hoc|ARM = Ad-Hoc|ARM
		Ad-Hoc|iPhone = Ad-Hoc|iPhone
		Ad-Hoc|iPhoneSimulator = Ad-Hoc|iPhoneSimulator
		Ad-Hoc|x64 = Ad-Hoc|x64
		Ad-Hoc|x86 = Ad-Hoc|x86
		AppStore|Any CPU = AppStore|Any CPU
		AppStore|ARM = AppStore|ARM
		AppStore|iPhone = AppStore|iPhone
		AppStore|iPhoneSimulator = AppStore|iPhoneSimulator
		AppStore|x64 = AppStore|x64
		AppStore|x86 = AppStore|x86
		Debug|Any CPU = Debug|Any CPU
		Debug|ARM = Debug|ARM
		Debug|iPhone = Debug|iPhone
		Debug|iPhoneSimulator = Debug|iPhoneSimulator
		Debug|x64 = Debug|x64
		Debug|x86 = Debug|x86
		Release|Any CPU = Release|Any CPU
		Release|ARM = Release|ARM
		Release|iPhone = Release|iPhone
		Release|iPhoneSimulator = Release|iPhoneSimulator
		Release|x64 = Release|x64
		Release|x86 = Release|x86
	EndGlobalSection
	GlobalSection(ProjectConfigurationPlatforms) = postSolution
		{DD1861E4-A57B-4258-9DC5-5E6A57D9659F}.Ad-Hoc|Any CPU.ActiveCfg = Release|Any CPU
		{DD1861E4-A57B-4258-9DC5-5E6A57D9659F}.Ad-Hoc|Any CPU.Build.0 = Release|Any CPU
		{DD1861E4-A57B-4258-9DC5-5E6A57D9659F}.Ad-Hoc|Any CPU.Deploy.0 = Release|Any CPU
		{DD1861E4-A57B-4258-9DC5-5E6A57D9659F}.Ad-Hoc|ARM.ActiveCfg = Release|Any CPU
		{DD1861E4-A57B-4258-9DC5-5E6A57D9659F}.Ad-Hoc|ARM.Build.0 = Release|Any CPU
		{DD1861E4-A57B-4258-9DC5-5E6A57D9659F}.Ad-Hoc|ARM.Deploy.0 = Release|Any CPU
		{DD1861E4-A57B-4258-9DC5-5E6A57D9659F}.Ad-Hoc|iPhone.ActiveCfg = Release|Any CPU
		{DD1861E4-A57B-4258-9DC5-5E6A57D9659F}.Ad-Hoc|iPhone.Build.0 = Release|Any CPU
		{DD1861E4-A57B-4258-9DC5-5E6A57D9659F}.Ad-Hoc|iPhone.Deploy.0 = Release|Any CPU
		{DD1861E4-A57B-4258-9DC5-5E6A57D9659F}.Ad-Hoc|iPhoneSimulator.ActiveCfg = Release|Any CPU
		{DD1861E4-A57B-4258-9DC5-5E6A57D9659F}.Ad-Hoc|iPhoneSimulator.Build.0 = Release|Any CPU
		{DD1861E4-A57B-4258-9DC5-5E6A57D9659F}.Ad-Hoc|iPhoneSimulator.Deploy.0 = Release|Any CPU
		{DD1861E4-A57B-4258-9DC5-5E6A57D9659F}.Ad-Hoc|x64.ActiveCfg = Release|Any CPU
		{DD1861E4-A57B-4258-9DC5-5E6A57D9659F}.Ad-Hoc|x64.Build.0 = Release|Any CPU
		{DD1861E4-A57B-4258-9DC5-5E6A57D9659F}.Ad-Hoc|x64.Deploy.0 = Release|Any CPU
		{DD1861E4-A57B-4258-9DC5-5E6A57D9659F}.Ad-Hoc|x86.ActiveCfg = Release|Any CPU
		{DD1861E4-A57B-4258-9DC5-5E6A57D9659F}.Ad-Hoc|x86.Build.0 = Release|Any CPU
		{DD1861E4-A57B-4258-9DC5-5E6A57D9659F}.Ad-Hoc|x86.Deploy.0 = Release|Any CPU
		{DD1861E4-A57B-4258-9DC5-5E6A57D9659F}.AppStore|Any CPU.ActiveCfg = Release|Any CPU
		{DD1861E4-A57B-4258-9DC5-5E6A57D9659F}.AppStore|Any CPU.Build.0 = Release|Any CPU
		{DD1861E4-A57B-4258-9DC5-5E6A57D9659F}.AppStore|Any CPU.Deploy.0 = Release|Any CPU
		{DD1861E4-A57B-4258-9DC5-5E6A57D9659F}.AppStore|ARM.ActiveCfg = Release|Any CPU
		{DD1861E4-A57B-4258-9DC5-5E6A57D9659F}.AppStore|ARM.Build.0 = Release|Any CPU
		{DD1861E4-A57B-4258-9DC5-5E6A57D9659F}.AppStore|ARM.Deploy.0 = Release|Any CPU
		{DD1861E4-A57B-4258-9DC5-5E6A57D9659F}.AppStore|iPhone.ActiveCfg = Release|Any CPU
		{DD1861E4-A57B-4258-9DC5-5E6A57D9659F}.AppStore|iPhone.Build.0 = Release|Any CPU
		{DD1861E4-A57B-4258-9DC5-5E6A57D9659F}.AppStore|iPhone.Deploy.0 = Release|Any CPU
		{DD1861E4-A57B-4258-9DC5-5E6A57D9659F}.AppStore|iPhoneSimulator.ActiveCfg = Release|Any CPU
		{DD1861E4-A57B-4258-9DC5-5E6A57D9659F}.AppStore|iPhoneSimulator.Build.0 = Release|Any CPU
		{DD1861E4-A57B-4258-9DC5-5E6A57D9659F}.AppStore|iPhoneSimulator.Deploy.0 = Release|Any CPU
		{DD1861E4-A57B-4258-9DC5-5E6A57D9659F}.AppStore|x64.ActiveCfg = Release|Any CPU
		{DD1861E4-A57B-4258-9DC5-5E6A57D9659F}.AppStore|x64.Build.0 = Release|Any CPU
		{DD1861E4-A57B-4258-9DC5-5E6A57D9659F}.AppStore|x64.Deploy.0 = Release|Any CPU
		{DD1861E4-A57B-4258-9DC5-5E6A57D9659F}.AppStore|x86.ActiveCfg = Release|Any CPU
		{DD1861E4-A57B-4258-9DC5-5E6A57D9659F}.AppStore|x86.Build.0 = Release|Any CPU
		{DD1861E4-A57B-4258-9DC5-5E6A57D9659F}.AppStore|x86.Deploy.0 = Release|Any CPU
		{DD1861E4-A57B-4258-9DC5-5E6A57D9659F}.Debug|Any CPU.ActiveCfg = Debug|Any CPU
		{DD1861E4-A57B-4258-9DC5-5E6A57D9659F}.Debug|Any CPU.Build.0 = Debug|Any CPU
		{DD1861E4-A57B-4258-9DC5-5E6A57D9659F}.Debug|Any CPU.Deploy.0 = Debug|Any CPU
		{DD1861E4-A57B-4258-9DC5-5E6A57D9659F}.Debug|ARM.ActiveCfg = Debug|Any CPU
		{DD1861E4-A57B-4258-9DC5-5E6A57D9659F}.Debug|ARM.Build.0 = Debug|Any CPU
		{DD1861E4-A57B-4258-9DC5-5E6A57D9659F}.Debug|ARM.Deploy.0 = Debug|Any CPU
		{DD1861E4-A57B-4258-9DC5-5E6A57D9659F}.Debug|iPhone.ActiveCfg = Debug|Any CPU
		{DD1861E4-A57B-4258-9DC5-5E6A57D9659F}.Debug|iPhone.Build.0 = Debug|Any CPU
		{DD1861E4-A57B-4258-9DC5-5E6A57D9659F}.Debug|iPhone.Deploy.0 = Debug|Any CPU
		{DD1861E4-A57B-4258-9DC5-5E6A57D9659F}.Debug|iPhoneSimulator.ActiveCfg = Debug|Any CPU
		{DD1861E4-A57B-4258-9DC5-5E6A57D9659F}.Debug|iPhoneSimulator.Build.0 = Debug|Any CPU
		{DD1861E4-A57B-4258-9DC5-5E6A57D9659F}.Debug|iPhoneSimulator.Deploy.0 = Debug|Any CPU
		{DD1861E4-A57B-4258-9DC5-5E6A57D9659F}.Debug|x64.ActiveCfg = Debug|Any CPU
		{DD1861E4-A57B-4258-9DC5-5E6A57D9659F}.Debug|x64.Build.0 = Debug|Any CPU
		{DD1861E4-A57B-4258-9DC5-5E6A57D9659F}.Debug|x64.Deploy.0 = Debug|Any CPU
		{DD1861E4-A57B-4258-9DC5-5E6A57D9659F}.Debug|x86.ActiveCfg = Debug|Any CPU
		{DD1861E4-A57B-4258-9DC5-5E6A57D9659F}.Debug|x86.Build.0 = Debug|Any CPU
		{DD1861E4-A57B-4258-9DC5-5E6A57D9659F}.Debug|x86.Deploy.0 = Debug|Any CPU
		{DD1861E4-A57B-4258-9DC5-5E6A57D9659F}.Release|Any CPU.ActiveCfg = Release|Any CPU
		{DD1861E4-A57B-4258-9DC5-5E6A57D9659F}.Release|Any CPU.Build.0 = Release|Any CPU
		{DD1861E4-A57B-4258-9DC5-5E6A57D9659F}.Release|Any CPU.Deploy.0 = Release|Any CPU
		{DD1861E4-A57B-4258-9DC5-5E6A57D9659F}.Release|ARM.ActiveCfg = Release|Any CPU
		{DD1861E4-A57B-4258-9DC5-5E6A57D9659F}.Release|ARM.Build.0 = Release|Any CPU
		{DD1861E4-A57B-4258-9DC5-5E6A57D9659F}.Release|ARM.Deploy.0 = Release|Any CPU
		{DD1861E4-A57B-4258-9DC5-5E6A57D9659F}.Release|iPhone.ActiveCfg = Release|Any CPU
		{DD1861E4-A57B-4258-9DC5-5E6A57D9659F}.Release|iPhone.Build.0 = Release|Any CPU
		{DD1861E4-A57B-4258-9DC5-5E6A57D9659F}.Release|iPhone.Deploy.0 = Release|Any CPU
		{DD1861E4-A57B-4258-9DC5-5E6A57D9659F}.Release|iPhoneSimulator.ActiveCfg = Release|Any CPU
		{DD1861E4-A57B-4258-9DC5-5E6A57D9659F}.Release|iPhoneSimulator.Build.0 = Release|Any CPU
		{DD1861E4-A57B-4258-9DC5-5E6A57D9659F}.Release|iPhoneSimulator.Deploy.0 = Release|Any CPU
		{DD1861E4-A57B-4258-9DC5-5E6A57D9659F}.Release|x64.ActiveCfg = Release|Any CPU
		{DD1861E4-A57B-4258-9DC5-5E6A57D9659F}.Release|x64.Build.0 = Release|Any CPU
		{DD1861E4-A57B-4258-9DC5-5E6A57D9659F}.Release|x64.Deploy.0 = Release|Any CPU
		{DD1861E4-A57B-4258-9DC5-5E6A57D9659F}.Release|x86.ActiveCfg = Release|Any CPU
		{DD1861E4-A57B-4258-9DC5-5E6A57D9659F}.Release|x86.Build.0 = Release|Any CPU
		{DD1861E4-A57B-4258-9DC5-5E6A57D9659F}.Release|x86.Deploy.0 = Release|Any CPU
		{E29E68B3-0CCD-4EAC-B4EC-4896BA883897}.Ad-Hoc|Any CPU.ActiveCfg = Release|Any CPU
		{E29E68B3-0CCD-4EAC-B4EC-4896BA883897}.Ad-Hoc|Any CPU.Build.0 = Release|Any CPU
		{E29E68B3-0CCD-4EAC-B4EC-4896BA883897}.Ad-Hoc|Any CPU.Deploy.0 = Release|Any CPU
		{E29E68B3-0CCD-4EAC-B4EC-4896BA883897}.Ad-Hoc|ARM.ActiveCfg = Release|ARM
		{E29E68B3-0CCD-4EAC-B4EC-4896BA883897}.Ad-Hoc|ARM.Build.0 = Release|ARM
		{E29E68B3-0CCD-4EAC-B4EC-4896BA883897}.Ad-Hoc|ARM.Deploy.0 = Release|ARM
		{E29E68B3-0CCD-4EAC-B4EC-4896BA883897}.Ad-Hoc|iPhone.ActiveCfg = Release|Any CPU
		{E29E68B3-0CCD-4EAC-B4EC-4896BA883897}.Ad-Hoc|iPhone.Build.0 = Release|Any CPU
		{E29E68B3-0CCD-4EAC-B4EC-4896BA883897}.Ad-Hoc|iPhone.Deploy.0 = Release|Any CPU
		{E29E68B3-0CCD-4EAC-B4EC-4896BA883897}.Ad-Hoc|iPhoneSimulator.ActiveCfg = Release|Any CPU
		{E29E68B3-0CCD-4EAC-B4EC-4896BA883897}.Ad-Hoc|iPhoneSimulator.Build.0 = Release|Any CPU
		{E29E68B3-0CCD-4EAC-B4EC-4896BA883897}.Ad-Hoc|iPhoneSimulator.Deploy.0 = Release|Any CPU
		{E29E68B3-0CCD-4EAC-B4EC-4896BA883897}.Ad-Hoc|x64.ActiveCfg = Release|Any CPU
		{E29E68B3-0CCD-4EAC-B4EC-4896BA883897}.Ad-Hoc|x64.Build.0 = Release|Any CPU
		{E29E68B3-0CCD-4EAC-B4EC-4896BA883897}.Ad-Hoc|x64.Deploy.0 = Release|Any CPU
		{E29E68B3-0CCD-4EAC-B4EC-4896BA883897}.Ad-Hoc|x86.ActiveCfg = Release|x86
		{E29E68B3-0CCD-4EAC-B4EC-4896BA883897}.Ad-Hoc|x86.Build.0 = Release|x86
		{E29E68B3-0CCD-4EAC-B4EC-4896BA883897}.Ad-Hoc|x86.Deploy.0 = Release|x86
		{E29E68B3-0CCD-4EAC-B4EC-4896BA883897}.AppStore|Any CPU.ActiveCfg = Release|Any CPU
		{E29E68B3-0CCD-4EAC-B4EC-4896BA883897}.AppStore|Any CPU.Build.0 = Release|Any CPU
		{E29E68B3-0CCD-4EAC-B4EC-4896BA883897}.AppStore|Any CPU.Deploy.0 = Release|Any CPU
		{E29E68B3-0CCD-4EAC-B4EC-4896BA883897}.AppStore|ARM.ActiveCfg = Release|ARM
		{E29E68B3-0CCD-4EAC-B4EC-4896BA883897}.AppStore|ARM.Build.0 = Release|ARM
		{E29E68B3-0CCD-4EAC-B4EC-4896BA883897}.AppStore|ARM.Deploy.0 = Release|ARM
		{E29E68B3-0CCD-4EAC-B4EC-4896BA883897}.AppStore|iPhone.ActiveCfg = Release|Any CPU
		{E29E68B3-0CCD-4EAC-B4EC-4896BA883897}.AppStore|iPhone.Build.0 = Release|Any CPU
		{E29E68B3-0CCD-4EAC-B4EC-4896BA883897}.AppStore|iPhone.Deploy.0 = Release|Any CPU
		{E29E68B3-0CCD-4EAC-B4EC-4896BA883897}.AppStore|iPhoneSimulator.ActiveCfg = Release|Any CPU
		{E29E68B3-0CCD-4EAC-B4EC-4896BA883897}.AppStore|iPhoneSimulator.Build.0 = Release|Any CPU
		{E29E68B3-0CCD-4EAC-B4EC-4896BA883897}.AppStore|iPhoneSimulator.Deploy.0 = Release|Any CPU
		{E29E68B3-0CCD-4EAC-B4EC-4896BA883897}.AppStore|x64.ActiveCfg = Release|Any CPU
		{E29E68B3-0CCD-4EAC-B4EC-4896BA883897}.AppStore|x64.Build.0 = Release|Any CPU
		{E29E68B3-0CCD-4EAC-B4EC-4896BA883897}.AppStore|x64.Deploy.0 = Release|Any CPU
		{E29E68B3-0CCD-4EAC-B4EC-4896BA883897}.AppStore|x86.ActiveCfg = Release|x86
		{E29E68B3-0CCD-4EAC-B4EC-4896BA883897}.AppStore|x86.Build.0 = Release|x86
		{E29E68B3-0CCD-4EAC-B4EC-4896BA883897}.AppStore|x86.Deploy.0 = Release|x86
		{E29E68B3-0CCD-4EAC-B4EC-4896BA883897}.Debug|Any CPU.ActiveCfg = Debug|Any CPU
		{E29E68B3-0CCD-4EAC-B4EC-4896BA883897}.Debug|Any CPU.Build.0 = Debug|Any CPU
		{E29E68B3-0CCD-4EAC-B4EC-4896BA883897}.Debug|Any CPU.Deploy.0 = Debug|Any CPU
		{E29E68B3-0CCD-4EAC-B4EC-4896BA883897}.Debug|ARM.ActiveCfg = Debug|ARM
		{E29E68B3-0CCD-4EAC-B4EC-4896BA883897}.Debug|ARM.Build.0 = Debug|ARM
		{E29E68B3-0CCD-4EAC-B4EC-4896BA883897}.Debug|ARM.Deploy.0 = Debug|ARM
		{E29E68B3-0CCD-4EAC-B4EC-4896BA883897}.Debug|iPhone.ActiveCfg = Debug|Any CPU
		{E29E68B3-0CCD-4EAC-B4EC-4896BA883897}.Debug|iPhone.Build.0 = Debug|Any CPU
		{E29E68B3-0CCD-4EAC-B4EC-4896BA883897}.Debug|iPhone.Deploy.0 = Debug|Any CPU
		{E29E68B3-0CCD-4EAC-B4EC-4896BA883897}.Debug|iPhoneSimulator.ActiveCfg = Debug|Any CPU
		{E29E68B3-0CCD-4EAC-B4EC-4896BA883897}.Debug|iPhoneSimulator.Build.0 = Debug|Any CPU
		{E29E68B3-0CCD-4EAC-B4EC-4896BA883897}.Debug|iPhoneSimulator.Deploy.0 = Debug|Any CPU
		{E29E68B3-0CCD-4EAC-B4EC-4896BA883897}.Debug|x64.ActiveCfg = Debug|Any CPU
		{E29E68B3-0CCD-4EAC-B4EC-4896BA883897}.Debug|x64.Build.0 = Debug|Any CPU
		{E29E68B3-0CCD-4EAC-B4EC-4896BA883897}.Debug|x64.Deploy.0 = Debug|Any CPU
		{E29E68B3-0CCD-4EAC-B4EC-4896BA883897}.Debug|x86.ActiveCfg = Debug|x86
		{E29E68B3-0CCD-4EAC-B4EC-4896BA883897}.Debug|x86.Build.0 = Debug|x86
		{E29E68B3-0CCD-4EAC-B4EC-4896BA883897}.Debug|x86.Deploy.0 = Debug|x86
		{E29E68B3-0CCD-4EAC-B4EC-4896BA883897}.Release|Any CPU.ActiveCfg = Release|Any CPU
		{E29E68B3-0CCD-4EAC-B4EC-4896BA883897}.Release|Any CPU.Build.0 = Release|Any CPU
		{E29E68B3-0CCD-4EAC-B4EC-4896BA883897}.Release|Any CPU.Deploy.0 = Release|Any CPU
		{E29E68B3-0CCD-4EAC-B4EC-4896BA883897}.Release|ARM.ActiveCfg = Release|ARM
		{E29E68B3-0CCD-4EAC-B4EC-4896BA883897}.Release|ARM.Build.0 = Release|ARM
		{E29E68B3-0CCD-4EAC-B4EC-4896BA883897}.Release|ARM.Deploy.0 = Release|ARM
		{E29E68B3-0CCD-4EAC-B4EC-4896BA883897}.Release|iPhone.ActiveCfg = Release|Any CPU
		{E29E68B3-0CCD-4EAC-B4EC-4896BA883897}.Release|iPhone.Build.0 = Release|Any CPU
		{E29E68B3-0CCD-4EAC-B4EC-4896BA883897}.Release|iPhone.Deploy.0 = Release|Any CPU
		{E29E68B3-0CCD-4EAC-B4EC-4896BA883897}.Release|iPhoneSimulator.ActiveCfg = Release|Any CPU
		{E29E68B3-0CCD-4EAC-B4EC-4896BA883897}.Release|iPhoneSimulator.Build.0 = Release|Any CPU
		{E29E68B3-0CCD-4EAC-B4EC-4896BA883897}.Release|iPhoneSimulator.Deploy.0 = Release|Any CPU
		{E29E68B3-0CCD-4EAC-B4EC-4896BA883897}.Release|x64.ActiveCfg = Release|Any CPU
		{E29E68B3-0CCD-4EAC-B4EC-4896BA883897}.Release|x64.Build.0 = Release|Any CPU
		{E29E68B3-0CCD-4EAC-B4EC-4896BA883897}.Release|x64.Deploy.0 = Release|Any CPU
		{E29E68B3-0CCD-4EAC-B4EC-4896BA883897}.Release|x86.ActiveCfg = Release|x86
		{E29E68B3-0CCD-4EAC-B4EC-4896BA883897}.Release|x86.Build.0 = Release|x86
		{E29E68B3-0CCD-4EAC-B4EC-4896BA883897}.Release|x86.Deploy.0 = Release|x86
		{ED2171F3-EF41-4026-A351-776FA035A667}.Ad-Hoc|Any CPU.ActiveCfg = Release|x86
		{ED2171F3-EF41-4026-A351-776FA035A667}.Ad-Hoc|Any CPU.Build.0 = Release|x86
		{ED2171F3-EF41-4026-A351-776FA035A667}.Ad-Hoc|Any CPU.Deploy.0 = Release|x86
		{ED2171F3-EF41-4026-A351-776FA035A667}.Ad-Hoc|ARM.ActiveCfg = Release|ARM
		{ED2171F3-EF41-4026-A351-776FA035A667}.Ad-Hoc|ARM.Build.0 = Release|ARM
		{ED2171F3-EF41-4026-A351-776FA035A667}.Ad-Hoc|ARM.Deploy.0 = Release|ARM
		{ED2171F3-EF41-4026-A351-776FA035A667}.Ad-Hoc|iPhone.ActiveCfg = Release|x86
		{ED2171F3-EF41-4026-A351-776FA035A667}.Ad-Hoc|iPhone.Build.0 = Release|x86
		{ED2171F3-EF41-4026-A351-776FA035A667}.Ad-Hoc|iPhone.Deploy.0 = Release|x86
		{ED2171F3-EF41-4026-A351-776FA035A667}.Ad-Hoc|iPhoneSimulator.ActiveCfg = Release|x86
		{ED2171F3-EF41-4026-A351-776FA035A667}.Ad-Hoc|iPhoneSimulator.Build.0 = Release|x86
		{ED2171F3-EF41-4026-A351-776FA035A667}.Ad-Hoc|iPhoneSimulator.Deploy.0 = Release|x86
		{ED2171F3-EF41-4026-A351-776FA035A667}.Ad-Hoc|x64.ActiveCfg = Release|x64
		{ED2171F3-EF41-4026-A351-776FA035A667}.Ad-Hoc|x64.Build.0 = Release|x64
		{ED2171F3-EF41-4026-A351-776FA035A667}.Ad-Hoc|x64.Deploy.0 = Release|x64
		{ED2171F3-EF41-4026-A351-776FA035A667}.Ad-Hoc|x86.ActiveCfg = Release|x86
		{ED2171F3-EF41-4026-A351-776FA035A667}.Ad-Hoc|x86.Build.0 = Release|x86
		{ED2171F3-EF41-4026-A351-776FA035A667}.Ad-Hoc|x86.Deploy.0 = Release|x86
		{ED2171F3-EF41-4026-A351-776FA035A667}.AppStore|Any CPU.ActiveCfg = Release|x86
		{ED2171F3-EF41-4026-A351-776FA035A667}.AppStore|Any CPU.Build.0 = Release|x86
		{ED2171F3-EF41-4026-A351-776FA035A667}.AppStore|Any CPU.Deploy.0 = Release|x86
		{ED2171F3-EF41-4026-A351-776FA035A667}.AppStore|ARM.ActiveCfg = Release|ARM
		{ED2171F3-EF41-4026-A351-776FA035A667}.AppStore|ARM.Build.0 = Release|ARM
		{ED2171F3-EF41-4026-A351-776FA035A667}.AppStore|ARM.Deploy.0 = Release|ARM
		{ED2171F3-EF41-4026-A351-776FA035A667}.AppStore|iPhone.ActiveCfg = Release|x86
		{ED2171F3-EF41-4026-A351-776FA035A667}.AppStore|iPhone.Build.0 = Release|x86
		{ED2171F3-EF41-4026-A351-776FA035A667}.AppStore|iPhone.Deploy.0 = Release|x86
		{ED2171F3-EF41-4026-A351-776FA035A667}.AppStore|iPhoneSimulator.ActiveCfg = Release|x86
		{ED2171F3-EF41-4026-A351-776FA035A667}.AppStore|iPhoneSimulator.Build.0 = Release|x86
		{ED2171F3-EF41-4026-A351-776FA035A667}.AppStore|iPhoneSimulator.Deploy.0 = Release|x86
		{ED2171F3-EF41-4026-A351-776FA035A667}.AppStore|x64.ActiveCfg = Release|x64
		{ED2171F3-EF41-4026-A351-776FA035A667}.AppStore|x64.Build.0 = Release|x64
		{ED2171F3-EF41-4026-A351-776FA035A667}.AppStore|x64.Deploy.0 = Release|x64
		{ED2171F3-EF41-4026-A351-776FA035A667}.AppStore|x86.ActiveCfg = Release|x86
		{ED2171F3-EF41-4026-A351-776FA035A667}.AppStore|x86.Build.0 = Release|x86
		{ED2171F3-EF41-4026-A351-776FA035A667}.AppStore|x86.Deploy.0 = Release|x86
		{ED2171F3-EF41-4026-A351-776FA035A667}.Debug|Any CPU.ActiveCfg = Debug|x86
		{ED2171F3-EF41-4026-A351-776FA035A667}.Debug|Any CPU.Build.0 = Debug|x86
		{ED2171F3-EF41-4026-A351-776FA035A667}.Debug|Any CPU.Deploy.0 = Debug|x86
		{ED2171F3-EF41-4026-A351-776FA035A667}.Debug|ARM.ActiveCfg = Debug|ARM
		{ED2171F3-EF41-4026-A351-776FA035A667}.Debug|ARM.Build.0 = Debug|ARM
		{ED2171F3-EF41-4026-A351-776FA035A667}.Debug|ARM.Deploy.0 = Debug|ARM
		{ED2171F3-EF41-4026-A351-776FA035A667}.Debug|iPhone.ActiveCfg = Debug|x86
		{ED2171F3-EF41-4026-A351-776FA035A667}.Debug|iPhoneSimulator.ActiveCfg = Debug|x86
		{ED2171F3-EF41-4026-A351-776FA035A667}.Debug|x64.ActiveCfg = Debug|x64
		{ED2171F3-EF41-4026-A351-776FA035A667}.Debug|x64.Build.0 = Debug|x64
		{ED2171F3-EF41-4026-A351-776FA035A667}.Debug|x64.Deploy.0 = Debug|x64
		{ED2171F3-EF41-4026-A351-776FA035A667}.Debug|x86.ActiveCfg = Debug|x86
		{ED2171F3-EF41-4026-A351-776FA035A667}.Debug|x86.Build.0 = Debug|x86
		{ED2171F3-EF41-4026-A351-776FA035A667}.Debug|x86.Deploy.0 = Debug|x86
		{ED2171F3-EF41-4026-A351-776FA035A667}.Release|Any CPU.ActiveCfg = Release|x86
		{ED2171F3-EF41-4026-A351-776FA035A667}.Release|ARM.ActiveCfg = Release|ARM
		{ED2171F3-EF41-4026-A351-776FA035A667}.Release|ARM.Build.0 = Release|ARM
		{ED2171F3-EF41-4026-A351-776FA035A667}.Release|ARM.Deploy.0 = Release|ARM
		{ED2171F3-EF41-4026-A351-776FA035A667}.Release|iPhone.ActiveCfg = Release|x86
		{ED2171F3-EF41-4026-A351-776FA035A667}.Release|iPhoneSimulator.ActiveCfg = Release|x86
		{ED2171F3-EF41-4026-A351-776FA035A667}.Release|x64.ActiveCfg = Release|x64
		{ED2171F3-EF41-4026-A351-776FA035A667}.Release|x64.Build.0 = Release|x64
		{ED2171F3-EF41-4026-A351-776FA035A667}.Release|x64.Deploy.0 = Release|x64
		{ED2171F3-EF41-4026-A351-776FA035A667}.Release|x86.ActiveCfg = Release|x86
		{ED2171F3-EF41-4026-A351-776FA035A667}.Release|x86.Build.0 = Release|x86
		{ED2171F3-EF41-4026-A351-776FA035A667}.Release|x86.Deploy.0 = Release|x86
		{23401BF7-CD07-4532-B3C4-2CA27A4598E9}.Ad-Hoc|Any CPU.ActiveCfg = Release|Any CPU
		{23401BF7-CD07-4532-B3C4-2CA27A4598E9}.Ad-Hoc|Any CPU.Build.0 = Release|Any CPU
		{23401BF7-CD07-4532-B3C4-2CA27A4598E9}.Ad-Hoc|Any CPU.Deploy.0 = Release|Any CPU
		{23401BF7-CD07-4532-B3C4-2CA27A4598E9}.Ad-Hoc|ARM.ActiveCfg = Release|ARM
		{23401BF7-CD07-4532-B3C4-2CA27A4598E9}.Ad-Hoc|ARM.Build.0 = Release|ARM
		{23401BF7-CD07-4532-B3C4-2CA27A4598E9}.Ad-Hoc|ARM.Deploy.0 = Release|ARM
		{23401BF7-CD07-4532-B3C4-2CA27A4598E9}.Ad-Hoc|iPhone.ActiveCfg = Release|Any CPU
		{23401BF7-CD07-4532-B3C4-2CA27A4598E9}.Ad-Hoc|iPhone.Build.0 = Release|Any CPU
		{23401BF7-CD07-4532-B3C4-2CA27A4598E9}.Ad-Hoc|iPhone.Deploy.0 = Release|Any CPU
		{23401BF7-CD07-4532-B3C4-2CA27A4598E9}.Ad-Hoc|iPhoneSimulator.ActiveCfg = Release|Any CPU
		{23401BF7-CD07-4532-B3C4-2CA27A4598E9}.Ad-Hoc|iPhoneSimulator.Build.0 = Release|Any CPU
		{23401BF7-CD07-4532-B3C4-2CA27A4598E9}.Ad-Hoc|iPhoneSimulator.Deploy.0 = Release|Any CPU
		{23401BF7-CD07-4532-B3C4-2CA27A4598E9}.Ad-Hoc|x64.ActiveCfg = Release|x64
		{23401BF7-CD07-4532-B3C4-2CA27A4598E9}.Ad-Hoc|x64.Build.0 = Release|x64
		{23401BF7-CD07-4532-B3C4-2CA27A4598E9}.Ad-Hoc|x64.Deploy.0 = Release|x64
		{23401BF7-CD07-4532-B3C4-2CA27A4598E9}.Ad-Hoc|x86.ActiveCfg = Release|x86
		{23401BF7-CD07-4532-B3C4-2CA27A4598E9}.Ad-Hoc|x86.Build.0 = Release|x86
		{23401BF7-CD07-4532-B3C4-2CA27A4598E9}.Ad-Hoc|x86.Deploy.0 = Release|x86
		{23401BF7-CD07-4532-B3C4-2CA27A4598E9}.AppStore|Any CPU.ActiveCfg = Release|Any CPU
		{23401BF7-CD07-4532-B3C4-2CA27A4598E9}.AppStore|Any CPU.Build.0 = Release|Any CPU
		{23401BF7-CD07-4532-B3C4-2CA27A4598E9}.AppStore|Any CPU.Deploy.0 = Release|Any CPU
		{23401BF7-CD07-4532-B3C4-2CA27A4598E9}.AppStore|ARM.ActiveCfg = Release|ARM
		{23401BF7-CD07-4532-B3C4-2CA27A4598E9}.AppStore|ARM.Build.0 = Release|ARM
		{23401BF7-CD07-4532-B3C4-2CA27A4598E9}.AppStore|ARM.Deploy.0 = Release|ARM
		{23401BF7-CD07-4532-B3C4-2CA27A4598E9}.AppStore|iPhone.ActiveCfg = Release|Any CPU
		{23401BF7-CD07-4532-B3C4-2CA27A4598E9}.AppStore|iPhone.Build.0 = Release|Any CPU
		{23401BF7-CD07-4532-B3C4-2CA27A4598E9}.AppStore|iPhone.Deploy.0 = Release|Any CPU
		{23401BF7-CD07-4532-B3C4-2CA27A4598E9}.AppStore|iPhoneSimulator.ActiveCfg = Release|Any CPU
		{23401BF7-CD07-4532-B3C4-2CA27A4598E9}.AppStore|iPhoneSimulator.Build.0 = Release|Any CPU
		{23401BF7-CD07-4532-B3C4-2CA27A4598E9}.AppStore|iPhoneSimulator.Deploy.0 = Release|Any CPU
		{23401BF7-CD07-4532-B3C4-2CA27A4598E9}.AppStore|x64.ActiveCfg = Release|x64
		{23401BF7-CD07-4532-B3C4-2CA27A4598E9}.AppStore|x64.Build.0 = Release|x64
		{23401BF7-CD07-4532-B3C4-2CA27A4598E9}.AppStore|x64.Deploy.0 = Release|x64
		{23401BF7-CD07-4532-B3C4-2CA27A4598E9}.AppStore|x86.ActiveCfg = Release|x86
		{23401BF7-CD07-4532-B3C4-2CA27A4598E9}.AppStore|x86.Build.0 = Release|x86
		{23401BF7-CD07-4532-B3C4-2CA27A4598E9}.AppStore|x86.Deploy.0 = Release|x86
		{23401BF7-CD07-4532-B3C4-2CA27A4598E9}.Debug|Any CPU.ActiveCfg = Debug|Any CPU
		{23401BF7-CD07-4532-B3C4-2CA27A4598E9}.Debug|Any CPU.Build.0 = Debug|Any CPU
		{23401BF7-CD07-4532-B3C4-2CA27A4598E9}.Debug|Any CPU.Deploy.0 = Debug|Any CPU
		{23401BF7-CD07-4532-B3C4-2CA27A4598E9}.Debug|ARM.ActiveCfg = Debug|ARM
		{23401BF7-CD07-4532-B3C4-2CA27A4598E9}.Debug|ARM.Build.0 = Debug|ARM
		{23401BF7-CD07-4532-B3C4-2CA27A4598E9}.Debug|ARM.Deploy.0 = Debug|ARM
		{23401BF7-CD07-4532-B3C4-2CA27A4598E9}.Debug|iPhone.ActiveCfg = Debug|Any CPU
		{23401BF7-CD07-4532-B3C4-2CA27A4598E9}.Debug|iPhone.Build.0 = Debug|Any CPU
		{23401BF7-CD07-4532-B3C4-2CA27A4598E9}.Debug|iPhone.Deploy.0 = Debug|Any CPU
		{23401BF7-CD07-4532-B3C4-2CA27A4598E9}.Debug|iPhoneSimulator.ActiveCfg = Debug|Any CPU
		{23401BF7-CD07-4532-B3C4-2CA27A4598E9}.Debug|iPhoneSimulator.Build.0 = Debug|Any CPU
		{23401BF7-CD07-4532-B3C4-2CA27A4598E9}.Debug|iPhoneSimulator.Deploy.0 = Debug|Any CPU
		{23401BF7-CD07-4532-B3C4-2CA27A4598E9}.Debug|x64.ActiveCfg = Debug|x64
		{23401BF7-CD07-4532-B3C4-2CA27A4598E9}.Debug|x64.Build.0 = Debug|x64
		{23401BF7-CD07-4532-B3C4-2CA27A4598E9}.Debug|x64.Deploy.0 = Debug|x64
		{23401BF7-CD07-4532-B3C4-2CA27A4598E9}.Debug|x86.ActiveCfg = Debug|x86
		{23401BF7-CD07-4532-B3C4-2CA27A4598E9}.Debug|x86.Build.0 = Debug|x86
		{23401BF7-CD07-4532-B3C4-2CA27A4598E9}.Debug|x86.Deploy.0 = Debug|x86
		{23401BF7-CD07-4532-B3C4-2CA27A4598E9}.Release|Any CPU.ActiveCfg = Release|Any CPU
		{23401BF7-CD07-4532-B3C4-2CA27A4598E9}.Release|Any CPU.Build.0 = Release|Any CPU
		{23401BF7-CD07-4532-B3C4-2CA27A4598E9}.Release|Any CPU.Deploy.0 = Release|Any CPU
		{23401BF7-CD07-4532-B3C4-2CA27A4598E9}.Release|ARM.ActiveCfg = Release|ARM
		{23401BF7-CD07-4532-B3C4-2CA27A4598E9}.Release|ARM.Build.0 = Release|ARM
		{23401BF7-CD07-4532-B3C4-2CA27A4598E9}.Release|ARM.Deploy.0 = Release|ARM
		{23401BF7-CD07-4532-B3C4-2CA27A4598E9}.Release|iPhone.ActiveCfg = Release|Any CPU
		{23401BF7-CD07-4532-B3C4-2CA27A4598E9}.Release|iPhone.Build.0 = Release|Any CPU
		{23401BF7-CD07-4532-B3C4-2CA27A4598E9}.Release|iPhone.Deploy.0 = Release|Any CPU
		{23401BF7-CD07-4532-B3C4-2CA27A4598E9}.Release|iPhoneSimulator.ActiveCfg = Release|Any CPU
		{23401BF7-CD07-4532-B3C4-2CA27A4598E9}.Release|iPhoneSimulator.Build.0 = Release|Any CPU
		{23401BF7-CD07-4532-B3C4-2CA27A4598E9}.Release|iPhoneSimulator.Deploy.0 = Release|Any CPU
		{23401BF7-CD07-4532-B3C4-2CA27A4598E9}.Release|x64.ActiveCfg = Release|x64
		{23401BF7-CD07-4532-B3C4-2CA27A4598E9}.Release|x64.Build.0 = Release|x64
		{23401BF7-CD07-4532-B3C4-2CA27A4598E9}.Release|x64.Deploy.0 = Release|x64
		{23401BF7-CD07-4532-B3C4-2CA27A4598E9}.Release|x86.ActiveCfg = Release|x86
		{23401BF7-CD07-4532-B3C4-2CA27A4598E9}.Release|x86.Build.0 = Release|x86
		{23401BF7-CD07-4532-B3C4-2CA27A4598E9}.Release|x86.Deploy.0 = Release|x86
	EndGlobalSection
	GlobalSection(SolutionProperties) = preSolution
		HideSolutionNode = FALSE
	EndGlobalSection
EndGlobal
